// !$*UTF8*$!
{
	archiveVersion = 1;
	classes = {
	};
	objectVersion = 56;
	objects = {

/* Begin PBXBuildFile section */
		9620BE362CAD43FE0073BF05 /* PubkyMobile.xcframework in Frameworks */ = {isa = PBXBuildFile; fileRef = 9620BE352CAD43FD0073BF05 /* PubkyMobile.xcframework */; };
		9620BE382CAD44250073BF05 /* pubkymobile.swift in Sources */ = {isa = PBXBuildFile; fileRef = 9620BE372CAD44250073BF05 /* pubkymobile.swift */; };
		9620BE3A2CAD4B5C0073BF05 /* PubkeyClient.swift in Sources */ = {isa = PBXBuildFile; fileRef = 9620BE392CAD4B570073BF05 /* PubkeyClient.swift */; };
		968A67E42C62060800D4C7CD /* Keychain.swift in Sources */ = {isa = PBXBuildFile; fileRef = 968A67E32C62060800D4C7CD /* Keychain.swift */; };
		968A67E62C62066300D4C7CD /* Logger.swift in Sources */ = {isa = PBXBuildFile; fileRef = 968A67E52C62066300D4C7CD /* Logger.swift */; };
		968A67EA2C6206DD00D4C7CD /* ViewModel.swift in Sources */ = {isa = PBXBuildFile; fileRef = 968A67E92C6206DD00D4C7CD /* ViewModel.swift */; };
		968A67EC2C6206E900D4C7CD /* ChatListView.swift in Sources */ = {isa = PBXBuildFile; fileRef = 968A67EB2C6206E900D4C7CD /* ChatListView.swift */; };
		968A67EE2C6206FB00D4C7CD /* OnboardingView.swift in Sources */ = {isa = PBXBuildFile; fileRef = 968A67ED2C6206FB00D4C7CD /* OnboardingView.swift */; };
		968A67F02C6207DF00D4C7CD /* ShowError.swift in Sources */ = {isa = PBXBuildFile; fileRef = 968A67EF2C6207DF00D4C7CD /* ShowError.swift */; };
		968A67F22C62110100D4C7CD /* ChatView.swift in Sources */ = {isa = PBXBuildFile; fileRef = 968A67F12C62110100D4C7CD /* ChatView.swift */; };
		968A67F52C6211A500D4C7CD /* Messages.swift in Sources */ = {isa = PBXBuildFile; fileRef = 968A67F42C6211A500D4C7CD /* Messages.swift */; };
		968A67F72C6215C700D4C7CD /* Env.swift in Sources */ = {isa = PBXBuildFile; fileRef = 968A67F62C6215C700D4C7CD /* Env.swift */; };
		968A67F92C62213F00D4C7CD /* MyPubkyView.swift in Sources */ = {isa = PBXBuildFile; fileRef = 968A67F82C62213F00D4C7CD /* MyPubkyView.swift */; };
		968A67FB2C62243400D4C7CD /* SettingsView.swift in Sources */ = {isa = PBXBuildFile; fileRef = 968A67FA2C62243400D4C7CD /* SettingsView.swift */; };
		968A67FD2C62470A00D4C7CD /* PubkeysView.swift in Sources */ = {isa = PBXBuildFile; fileRef = 968A67FC2C62470A00D4C7CD /* PubkeysView.swift */; };
		968A68012C62504700D4C7CD /* MessageInputView.swift in Sources */ = {isa = PBXBuildFile; fileRef = 968A68002C62504700D4C7CD /* MessageInputView.swift */; };
		968A68032C6251BE00D4C7CD /* MessageView.swift in Sources */ = {isa = PBXBuildFile; fileRef = 968A68022C6251BE00D4C7CD /* MessageView.swift */; };
		968A68052C62579700D4C7CD /* KeyboardResponder.swift in Sources */ = {isa = PBXBuildFile; fileRef = 968A68042C62579700D4C7CD /* KeyboardResponder.swift */; };
		969A9FFB2C5BC205001956F7 /* PubMeApp.swift in Sources */ = {isa = PBXBuildFile; fileRef = 969A9FFA2C5BC205001956F7 /* PubMeApp.swift */; };
		969A9FFD2C5BC205001956F7 /* ContentView.swift in Sources */ = {isa = PBXBuildFile; fileRef = 969A9FFC2C5BC205001956F7 /* ContentView.swift */; };
		969A9FFF2C5BC206001956F7 /* Assets.xcassets in Resources */ = {isa = PBXBuildFile; fileRef = 969A9FFE2C5BC206001956F7 /* Assets.xcassets */; };
		969AA0022C5BC206001956F7 /* Preview Assets.xcassets in Resources */ = {isa = PBXBuildFile; fileRef = 969AA0012C5BC206001956F7 /* Preview Assets.xcassets */; };
/* End PBXBuildFile section */

/* Begin PBXFileReference section */
		9620BE352CAD43FD0073BF05 /* PubkyMobile.xcframework */ = {isa = PBXFileReference; lastKnownFileType = wrapper.xcframework; path = PubkyMobile.xcframework; sourceTree = "<group>"; };
		9620BE372CAD44250073BF05 /* pubkymobile.swift */ = {isa = PBXFileReference; lastKnownFileType = sourcecode.swift; path = pubkymobile.swift; sourceTree = "<group>"; };
		9620BE392CAD4B570073BF05 /* PubkeyClient.swift */ = {isa = PBXFileReference; lastKnownFileType = sourcecode.swift; path = PubkeyClient.swift; sourceTree = "<group>"; };
		968A67E32C62060800D4C7CD /* Keychain.swift */ = {isa = PBXFileReference; lastKnownFileType = sourcecode.swift; path = Keychain.swift; sourceTree = "<group>"; };
		968A67E52C62066300D4C7CD /* Logger.swift */ = {isa = PBXFileReference; lastKnownFileType = sourcecode.swift; path = Logger.swift; sourceTree = "<group>"; };
		968A67E92C6206DD00D4C7CD /* ViewModel.swift */ = {isa = PBXFileReference; lastKnownFileType = sourcecode.swift; path = ViewModel.swift; sourceTree = "<group>"; };
		968A67EB2C6206E900D4C7CD /* ChatListView.swift */ = {isa = PBXFileReference; lastKnownFileType = sourcecode.swift; path = ChatListView.swift; sourceTree = "<group>"; };
		968A67ED2C6206FB00D4C7CD /* OnboardingView.swift */ = {isa = PBXFileReference; lastKnownFileType = sourcecode.swift; path = OnboardingView.swift; sourceTree = "<group>"; };
		968A67EF2C6207DF00D4C7CD /* ShowError.swift */ = {isa = PBXFileReference; lastKnownFileType = sourcecode.swift; path = ShowError.swift; sourceTree = "<group>"; };
		968A67F12C62110100D4C7CD /* ChatView.swift */ = {isa = PBXFileReference; lastKnownFileType = sourcecode.swift; path = ChatView.swift; sourceTree = "<group>"; };
		968A67F42C6211A500D4C7CD /* Messages.swift */ = {isa = PBXFileReference; lastKnownFileType = sourcecode.swift; path = Messages.swift; sourceTree = "<group>"; };
		968A67F62C6215C700D4C7CD /* Env.swift */ = {isa = PBXFileReference; lastKnownFileType = sourcecode.swift; path = Env.swift; sourceTree = "<group>"; };
		968A67F82C62213F00D4C7CD /* MyPubkyView.swift */ = {isa = PBXFileReference; lastKnownFileType = sourcecode.swift; path = MyPubkyView.swift; sourceTree = "<group>"; };
		968A67FA2C62243400D4C7CD /* SettingsView.swift */ = {isa = PBXFileReference; lastKnownFileType = sourcecode.swift; path = SettingsView.swift; sourceTree = "<group>"; };
		968A67FC2C62470A00D4C7CD /* PubkeysView.swift */ = {isa = PBXFileReference; lastKnownFileType = sourcecode.swift; path = PubkeysView.swift; sourceTree = "<group>"; };
		968A68002C62504700D4C7CD /* MessageInputView.swift */ = {isa = PBXFileReference; lastKnownFileType = sourcecode.swift; path = MessageInputView.swift; sourceTree = "<group>"; };
		968A68022C6251BE00D4C7CD /* MessageView.swift */ = {isa = PBXFileReference; lastKnownFileType = sourcecode.swift; path = MessageView.swift; sourceTree = "<group>"; };
		968A68042C62579700D4C7CD /* KeyboardResponder.swift */ = {isa = PBXFileReference; lastKnownFileType = sourcecode.swift; path = KeyboardResponder.swift; sourceTree = "<group>"; };
		969A9FF72C5BC205001956F7 /* PubMe.app */ = {isa = PBXFileReference; explicitFileType = wrapper.application; includeInIndex = 0; path = PubMe.app; sourceTree = BUILT_PRODUCTS_DIR; };
		969A9FFA2C5BC205001956F7 /* PubMeApp.swift */ = {isa = PBXFileReference; lastKnownFileType = sourcecode.swift; path = PubMeApp.swift; sourceTree = "<group>"; };
		969A9FFC2C5BC205001956F7 /* ContentView.swift */ = {isa = PBXFileReference; lastKnownFileType = sourcecode.swift; path = ContentView.swift; sourceTree = "<group>"; };
		969A9FFE2C5BC206001956F7 /* Assets.xcassets */ = {isa = PBXFileReference; lastKnownFileType = folder.assetcatalog; path = Assets.xcassets; sourceTree = "<group>"; };
		969AA0012C5BC206001956F7 /* Preview Assets.xcassets */ = {isa = PBXFileReference; lastKnownFileType = folder.assetcatalog; path = "Preview Assets.xcassets"; sourceTree = "<group>"; };
/* End PBXFileReference section */

/* Begin PBXFrameworksBuildPhase section */
		969A9FF42C5BC205001956F7 /* Frameworks */ = {
			isa = PBXFrameworksBuildPhase;
			buildActionMask = 2147483647;
			files = (
				9620BE362CAD43FE0073BF05 /* PubkyMobile.xcframework in Frameworks */,
			);
			runOnlyForDeploymentPostprocessing = 0;
		};
/* End PBXFrameworksBuildPhase section */

/* Begin PBXGroup section */
		968A67E02C61484A00D4C7CD /* Util */ = {
			isa = PBXGroup;
			children = (
				9620BE392CAD4B570073BF05 /* PubkeyClient.swift */,
				968A67E32C62060800D4C7CD /* Keychain.swift */,
				968A67E52C62066300D4C7CD /* Logger.swift */,
				968A67EF2C6207DF00D4C7CD /* ShowError.swift */,
				968A68042C62579700D4C7CD /* KeyboardResponder.swift */,
			);
			path = Util;
			sourceTree = "<group>";
		};
		968A67E72C6206C000D4C7CD /* Views */ = {
			isa = PBXGroup;
			children = (
				968A67ED2C6206FB00D4C7CD /* OnboardingView.swift */,
				968A67EB2C6206E900D4C7CD /* ChatListView.swift */,
				968A67F12C62110100D4C7CD /* ChatView.swift */,
				968A67FA2C62243400D4C7CD /* SettingsView.swift */,
				968A67FC2C62470A00D4C7CD /* PubkeysView.swift */,
			);
			path = Views;
			sourceTree = "<group>";
		};
		968A67E82C6206CA00D4C7CD /* ViewModels */ = {
			isa = PBXGroup;
			children = (
				968A67E92C6206DD00D4C7CD /* ViewModel.swift */,
			);
			path = ViewModels;
			sourceTree = "<group>";
		};
		968A67F32C62119500D4C7CD /* Models */ = {
			isa = PBXGroup;
			children = (
				968A67F42C6211A500D4C7CD /* Messages.swift */,
			);
			path = Models;
			sourceTree = "<group>";
		};
		968A67FF2C62501300D4C7CD /* Components */ = {
			isa = PBXGroup;
			children = (
				968A67F82C62213F00D4C7CD /* MyPubkyView.swift */,
				968A68002C62504700D4C7CD /* MessageInputView.swift */,
				968A68022C6251BE00D4C7CD /* MessageView.swift */,
			);
			path = Components;
			sourceTree = "<group>";
		};
		969A9FEE2C5BC205001956F7 = {
			isa = PBXGroup;
			children = (
				969A9FF92C5BC205001956F7 /* PubMe */,
				969A9FF82C5BC205001956F7 /* Products */,
			);
			sourceTree = "<group>";
		};
		969A9FF82C5BC205001956F7 /* Products */ = {
			isa = PBXGroup;
			children = (
				969A9FF72C5BC205001956F7 /* PubMe.app */,
			);
			name = Products;
			sourceTree = "<group>";
		};
		969A9FF92C5BC205001956F7 /* PubMe */ = {
			isa = PBXGroup;
			children = (
				968A67F62C6215C700D4C7CD /* Env.swift */,
				969A9FFA2C5BC205001956F7 /* PubMeApp.swift */,
				969A9FFC2C5BC205001956F7 /* ContentView.swift */,
				968A67E72C6206C000D4C7CD /* Views */,
				968A67E82C6206CA00D4C7CD /* ViewModels */,
				968A67FF2C62501300D4C7CD /* Components */,
				968A67F32C62119500D4C7CD /* Models */,
				968A67E02C61484A00D4C7CD /* Util */,
				969A9FFE2C5BC206001956F7 /* Assets.xcassets */,
				9620BE352CAD43FD0073BF05 /* PubkyMobile.xcframework */,
				9620BE372CAD44250073BF05 /* pubkymobile.swift */,
				969AA0002C5BC206001956F7 /* Preview Content */,
			);
			path = PubMe;
			sourceTree = "<group>";
		};
		969AA0002C5BC206001956F7 /* Preview Content */ = {
			isa = PBXGroup;
			children = (
				969AA0012C5BC206001956F7 /* Preview Assets.xcassets */,
			);
			path = "Preview Content";
			sourceTree = "<group>";
		};
/* End PBXGroup section */

/* Begin PBXNativeTarget section */
		969A9FF62C5BC205001956F7 /* PubMe */ = {
			isa = PBXNativeTarget;
			buildConfigurationList = 969AA0052C5BC206001956F7 /* Build configuration list for PBXNativeTarget "PubMe" */;
			buildPhases = (
				969A9FF32C5BC205001956F7 /* Sources */,
				969A9FF42C5BC205001956F7 /* Frameworks */,
				969A9FF52C5BC205001956F7 /* Resources */,
			);
			buildRules = (
			);
			dependencies = (
			);
			name = PubMe;
			productName = PubMe;
			productReference = 969A9FF72C5BC205001956F7 /* PubMe.app */;
			productType = "com.apple.product-type.application";
		};
/* End PBXNativeTarget section */

/* Begin PBXProject section */
		969A9FEF2C5BC205001956F7 /* Project object */ = {
			isa = PBXProject;
			attributes = {
				BuildIndependentTargetsInParallel = 1;
				LastSwiftUpdateCheck = 1540;
				LastUpgradeCheck = 1540;
				TargetAttributes = {
					969A9FF62C5BC205001956F7 = {
						CreatedOnToolsVersion = 15.4;
					};
				};
			};
			buildConfigurationList = 969A9FF22C5BC205001956F7 /* Build configuration list for PBXProject "PubMe" */;
			compatibilityVersion = "Xcode 14.0";
			developmentRegion = en;
			hasScannedForEncodings = 0;
			knownRegions = (
				en,
				Base,
			);
			mainGroup = 969A9FEE2C5BC205001956F7;
			productRefGroup = 969A9FF82C5BC205001956F7 /* Products */;
			projectDirPath = "";
			projectRoot = "";
			targets = (
				969A9FF62C5BC205001956F7 /* PubMe */,
			);
		};
/* End PBXProject section */

/* Begin PBXResourcesBuildPhase section */
		969A9FF52C5BC205001956F7 /* Resources */ = {
			isa = PBXResourcesBuildPhase;
			buildActionMask = 2147483647;
			files = (
				969AA0022C5BC206001956F7 /* Preview Assets.xcassets in Resources */,
				969A9FFF2C5BC206001956F7 /* Assets.xcassets in Resources */,
			);
			runOnlyForDeploymentPostprocessing = 0;
		};
/* End PBXResourcesBuildPhase section */

/* Begin PBXSourcesBuildPhase section */
		969A9FF32C5BC205001956F7 /* Sources */ = {
			isa = PBXSourcesBuildPhase;
			buildActionMask = 2147483647;
			files = (
				968A67FB2C62243400D4C7CD /* SettingsView.swift in Sources */,
				968A68052C62579700D4C7CD /* KeyboardResponder.swift in Sources */,
				968A67EE2C6206FB00D4C7CD /* OnboardingView.swift in Sources */,
				968A67F72C6215C700D4C7CD /* Env.swift in Sources */,
				968A67F52C6211A500D4C7CD /* Messages.swift in Sources */,
				969A9FFD2C5BC205001956F7 /* ContentView.swift in Sources */,
				968A67EA2C6206DD00D4C7CD /* ViewModel.swift in Sources */,
				968A67E62C62066300D4C7CD /* Logger.swift in Sources */,
				968A67F92C62213F00D4C7CD /* MyPubkyView.swift in Sources */,
				968A67F22C62110100D4C7CD /* ChatView.swift in Sources */,
				9620BE382CAD44250073BF05 /* pubkymobile.swift in Sources */,
				969A9FFB2C5BC205001956F7 /* PubMeApp.swift in Sources */,
				968A67EC2C6206E900D4C7CD /* ChatListView.swift in Sources */,
				968A68032C6251BE00D4C7CD /* MessageView.swift in Sources */,
				968A67FD2C62470A00D4C7CD /* PubkeysView.swift in Sources */,
				9620BE3A2CAD4B5C0073BF05 /* PubkeyClient.swift in Sources */,
				968A67E42C62060800D4C7CD /* Keychain.swift in Sources */,
				968A67F02C6207DF00D4C7CD /* ShowError.swift in Sources */,
				968A68012C62504700D4C7CD /* MessageInputView.swift in Sources */,
			);
			runOnlyForDeploymentPostprocessing = 0;
		};
/* End PBXSourcesBuildPhase section */

/* Begin XCBuildConfiguration section */
		969AA0032C5BC206001956F7 /* Debug */ = {
			isa = XCBuildConfiguration;
			buildSettings = {
				ALWAYS_SEARCH_USER_PATHS = NO;
				ASSETCATALOG_COMPILER_GENERATE_SWIFT_ASSET_SYMBOL_EXTENSIONS = YES;
				CLANG_ANALYZER_NONNULL = YES;
				CLANG_ANALYZER_NUMBER_OBJECT_CONVERSION = YES_AGGRESSIVE;
				CLANG_CXX_LANGUAGE_STANDARD = "gnu++20";
				CLANG_ENABLE_MODULES = YES;
				CLANG_ENABLE_OBJC_ARC = YES;
				CLANG_ENABLE_OBJC_WEAK = YES;
				CLANG_WARN_BLOCK_CAPTURE_AUTORELEASING = YES;
				CLANG_WARN_BOOL_CONVERSION = YES;
				CLANG_WARN_COMMA = YES;
				CLANG_WARN_CONSTANT_CONVERSION = YES;
				CLANG_WARN_DEPRECATED_OBJC_IMPLEMENTATIONS = YES;
				CLANG_WARN_DIRECT_OBJC_ISA_USAGE = YES_ERROR;
				CLANG_WARN_DOCUMENTATION_COMMENTS = YES;
				CLANG_WARN_EMPTY_BODY = YES;
				CLANG_WARN_ENUM_CONVERSION = YES;
				CLANG_WARN_INFINITE_RECURSION = YES;
				CLANG_WARN_INT_CONVERSION = YES;
				CLANG_WARN_NON_LITERAL_NULL_CONVERSION = YES;
				CLANG_WARN_OBJC_IMPLICIT_RETAIN_SELF = YES;
				CLANG_WARN_OBJC_LITERAL_CONVERSION = YES;
				CLANG_WARN_OBJC_ROOT_CLASS = YES_ERROR;
				CLANG_WARN_QUOTED_INCLUDE_IN_FRAMEWORK_HEADER = YES;
				CLANG_WARN_RANGE_LOOP_ANALYSIS = YES;
				CLANG_WARN_STRICT_PROTOTYPES = YES;
				CLANG_WARN_SUSPICIOUS_MOVE = YES;
				CLANG_WARN_UNGUARDED_AVAILABILITY = YES_AGGRESSIVE;
				CLANG_WARN_UNREACHABLE_CODE = YES;
				CLANG_WARN__DUPLICATE_METHOD_MATCH = YES;
				COPY_PHASE_STRIP = NO;
				DEBUG_INFORMATION_FORMAT = dwarf;
				ENABLE_STRICT_OBJC_MSGSEND = YES;
				ENABLE_TESTABILITY = YES;
				ENABLE_USER_SCRIPT_SANDBOXING = YES;
				GCC_C_LANGUAGE_STANDARD = gnu17;
				GCC_DYNAMIC_NO_PIC = NO;
				GCC_NO_COMMON_BLOCKS = YES;
				GCC_OPTIMIZATION_LEVEL = 0;
				GCC_PREPROCESSOR_DEFINITIONS = (
					"DEBUG=1",
					"$(inherited)",
				);
				GCC_WARN_64_TO_32_BIT_CONVERSION = YES;
				GCC_WARN_ABOUT_RETURN_TYPE = YES_ERROR;
				GCC_WARN_UNDECLARED_SELECTOR = YES;
				GCC_WARN_UNINITIALIZED_AUTOS = YES_AGGRESSIVE;
				GCC_WARN_UNUSED_FUNCTION = YES;
				GCC_WARN_UNUSED_VARIABLE = YES;
				IPHONEOS_DEPLOYMENT_TARGET = 17.5;
				LOCALIZATION_PREFERS_STRING_CATALOGS = YES;
				MTL_ENABLE_DEBUG_INFO = INCLUDE_SOURCE;
				MTL_FAST_MATH = YES;
				ONLY_ACTIVE_ARCH = YES;
				SDKROOT = iphoneos;
				SWIFT_ACTIVE_COMPILATION_CONDITIONS = "DEBUG $(inherited)";
				SWIFT_OPTIMIZATION_LEVEL = "-Onone";
			};
			name = Debug;
		};
		969AA0042C5BC206001956F7 /* Release */ = {
			isa = XCBuildConfiguration;
			buildSettings = {
				ALWAYS_SEARCH_USER_PATHS = NO;
				ASSETCATALOG_COMPILER_GENERATE_SWIFT_ASSET_SYMBOL_EXTENSIONS = YES;
				CLANG_ANALYZER_NONNULL = YES;
				CLANG_ANALYZER_NUMBER_OBJECT_CONVERSION = YES_AGGRESSIVE;
				CLANG_CXX_LANGUAGE_STANDARD = "gnu++20";
				CLANG_ENABLE_MODULES = YES;
				CLANG_ENABLE_OBJC_ARC = YES;
				CLANG_ENABLE_OBJC_WEAK = YES;
				CLANG_WARN_BLOCK_CAPTURE_AUTORELEASING = YES;
				CLANG_WARN_BOOL_CONVERSION = YES;
				CLANG_WARN_COMMA = YES;
				CLANG_WARN_CONSTANT_CONVERSION = YES;
				CLANG_WARN_DEPRECATED_OBJC_IMPLEMENTATIONS = YES;
				CLANG_WARN_DIRECT_OBJC_ISA_USAGE = YES_ERROR;
				CLANG_WARN_DOCUMENTATION_COMMENTS = YES;
				CLANG_WARN_EMPTY_BODY = YES;
				CLANG_WARN_ENUM_CONVERSION = YES;
				CLANG_WARN_INFINITE_RECURSION = YES;
				CLANG_WARN_INT_CONVERSION = YES;
				CLANG_WARN_NON_LITERAL_NULL_CONVERSION = YES;
				CLANG_WARN_OBJC_IMPLICIT_RETAIN_SELF = YES;
				CLANG_WARN_OBJC_LITERAL_CONVERSION = YES;
				CLANG_WARN_OBJC_ROOT_CLASS = YES_ERROR;
				CLANG_WARN_QUOTED_INCLUDE_IN_FRAMEWORK_HEADER = YES;
				CLANG_WARN_RANGE_LOOP_ANALYSIS = YES;
				CLANG_WARN_STRICT_PROTOTYPES = YES;
				CLANG_WARN_SUSPICIOUS_MOVE = YES;
				CLANG_WARN_UNGUARDED_AVAILABILITY = YES_AGGRESSIVE;
				CLANG_WARN_UNREACHABLE_CODE = YES;
				CLANG_WARN__DUPLICATE_METHOD_MATCH = YES;
				COPY_PHASE_STRIP = NO;
				DEBUG_INFORMATION_FORMAT = "dwarf-with-dsym";
				ENABLE_NS_ASSERTIONS = NO;
				ENABLE_STRICT_OBJC_MSGSEND = YES;
				ENABLE_USER_SCRIPT_SANDBOXING = YES;
				GCC_C_LANGUAGE_STANDARD = gnu17;
				GCC_NO_COMMON_BLOCKS = YES;
				GCC_WARN_64_TO_32_BIT_CONVERSION = YES;
				GCC_WARN_ABOUT_RETURN_TYPE = YES_ERROR;
				GCC_WARN_UNDECLARED_SELECTOR = YES;
				GCC_WARN_UNINITIALIZED_AUTOS = YES_AGGRESSIVE;
				GCC_WARN_UNUSED_FUNCTION = YES;
				GCC_WARN_UNUSED_VARIABLE = YES;
				IPHONEOS_DEPLOYMENT_TARGET = 17.5;
				LOCALIZATION_PREFERS_STRING_CATALOGS = YES;
				MTL_ENABLE_DEBUG_INFO = NO;
				MTL_FAST_MATH = YES;
				SDKROOT = iphoneos;
				SWIFT_COMPILATION_MODE = wholemodule;
				VALIDATE_PRODUCT = YES;
			};
			name = Release;
		};
		969AA0062C5BC206001956F7 /* Debug */ = {
			isa = XCBuildConfiguration;
			buildSettings = {
				ASSETCATALOG_COMPILER_APPICON_NAME = AppIcon;
				ASSETCATALOG_COMPILER_GLOBAL_ACCENT_COLOR_NAME = AccentColor;
				CODE_SIGN_STYLE = Automatic;
				CURRENT_PROJECT_VERSION = 1;
				DEVELOPMENT_ASSET_PATHS = "\"PubMe/Preview Content\"";
				DEVELOPMENT_TEAM = KYH47R284B;
				ENABLE_PREVIEWS = YES;
				GENERATE_INFOPLIST_FILE = YES;
				INFOPLIST_KEY_UIApplicationSceneManifest_Generation = YES;
				INFOPLIST_KEY_UIApplicationSupportsIndirectInputEvents = YES;
				INFOPLIST_KEY_UILaunchScreen_Generation = YES;
				INFOPLIST_KEY_UISupportedInterfaceOrientations_iPad = "UIInterfaceOrientationPortrait UIInterfaceOrientationPortraitUpsideDown UIInterfaceOrientationLandscapeLeft UIInterfaceOrientationLandscapeRight";
				INFOPLIST_KEY_UISupportedInterfaceOrientations_iPhone = "UIInterfaceOrientationPortrait UIInterfaceOrientationLandscapeLeft UIInterfaceOrientationLandscapeRight";
				IPHONEOS_DEPLOYMENT_TARGET = 16;
				LD_RUNPATH_SEARCH_PATHS = (
					"$(inherited)",
					"@executable_path/Frameworks",
				);
				MARKETING_VERSION = 1.0;
				PRODUCT_BUNDLE_IDENTIFIER = app.pubky.PubMe;
				PRODUCT_NAME = "$(TARGET_NAME)";
				SWIFT_EMIT_LOC_STRINGS = YES;
				SWIFT_VERSION = 5.0;
				TARGETED_DEVICE_FAMILY = "1,2";
			};
			name = Debug;
		};
		969AA0072C5BC206001956F7 /* Release */ = {
			isa = XCBuildConfiguration;
			buildSettings = {
				ASSETCATALOG_COMPILER_APPICON_NAME = AppIcon;
				ASSETCATALOG_COMPILER_GLOBAL_ACCENT_COLOR_NAME = AccentColor;
				CODE_SIGN_STYLE = Automatic;
				CURRENT_PROJECT_VERSION = 1;
				DEVELOPMENT_ASSET_PATHS = "\"PubMe/Preview Content\"";
				DEVELOPMENT_TEAM = KYH47R284B;
				ENABLE_PREVIEWS = YES;
				GENERATE_INFOPLIST_FILE = YES;
				INFOPLIST_KEY_UIApplicationSceneManifest_Generation = YES;
				INFOPLIST_KEY_UIApplicationSupportsIndirectInputEvents = YES;
				INFOPLIST_KEY_UILaunchScreen_Generation = YES;
				INFOPLIST_KEY_UISupportedInterfaceOrientations_iPad = "UIInterfaceOrientationPortrait UIInterfaceOrientationPortraitUpsideDown UIInterfaceOrientationLandscapeLeft UIInterfaceOrientationLandscapeRight";
				INFOPLIST_KEY_UISupportedInterfaceOrientations_iPhone = "UIInterfaceOrientationPortrait UIInterfaceOrientationLandscapeLeft UIInterfaceOrientationLandscapeRight";
				IPHONEOS_DEPLOYMENT_TARGET = 16;
				LD_RUNPATH_SEARCH_PATHS = (
					"$(inherited)",
					"@executable_path/Frameworks",
				);
				MARKETING_VERSION = 1.0;
				PRODUCT_BUNDLE_IDENTIFIER = app.pubky.PubMe;
				PRODUCT_NAME = "$(TARGET_NAME)";
				SWIFT_EMIT_LOC_STRINGS = YES;
				SWIFT_VERSION = 5.0;
				TARGETED_DEVICE_FAMILY = "1,2";
			};
			name = Release;
		};
/* End XCBuildConfiguration section */

/* Begin XCConfigurationList section */
		969A9FF22C5BC205001956F7 /* Build configuration list for PBXProject "PubMe" */ = {
			isa = XCConfigurationList;
			buildConfigurations = (
				969AA0032C5BC206001956F7 /* Debug */,
				969AA0042C5BC206001956F7 /* Release */,
			);
			defaultConfigurationIsVisible = 0;
			defaultConfigurationName = Release;
		};
		969AA0052C5BC206001956F7 /* Build configuration list for PBXNativeTarget "PubMe" */ = {
			isa = XCConfigurationList;
			buildConfigurations = (
				969AA0062C5BC206001956F7 /* Debug */,
				969AA0072C5BC206001956F7 /* Release */,
			);
			defaultConfigurationIsVisible = 0;
			defaultConfigurationName = Release;
		};
/* End XCConfigurationList section */
	};
	rootObject = 969A9FEF2C5BC205001956F7 /* Project object */;
}
